
Microsoft Visual Studio Solution File, Format Version 12.00
# Visual Studio 15
VisualStudioVersion = 15.0.26730.12
MinimumVisualStudioVersion = 10.0.40219.1
Project("{FAE04EC0-301F-11D3-BF4B-00C04F79EFBC}") = "JsonTranformerClient", "ObjectToObjectMapper\JsonTranformerClient.csproj", "{D6D16DE0-08DC-4314-A3BE-FCF0BD8E3E07}"
EndProject
Project("{FAE04EC0-301F-11D3-BF4B-00C04F79EFBC}") = "JSONTransformer.Test", "JSONTransformer.Test\JSONTransformer.Test.csproj", "{60A04A34-4EC2-4D91-B748-5355E610412B}"
EndProject
Project("{FAE04EC0-301F-11D3-BF4B-00C04F79EFBC}") = "JsonTransformer", "JsonTransformer\JsonTransformer.csproj", "{FFBE3DB7-6A58-4D5A-8EF6-552694FEF569}"
EndProject
Global
	GlobalSection(SolutionConfigurationPlatforms) = preSolution
		Debug|Any CPU = Debug|Any CPU
		Release|Any CPU = Release|Any CPU
	EndGlobalSection
	GlobalSection(ProjectConfigurationPlatforms) = postSolution
		{D6D16DE0-08DC-4314-A3BE-FCF0BD8E3E07}.Debug|Any CPU.ActiveCfg = Debug|Any CPU
		{D6D16DE0-08DC-4314-A3BE-FCF0BD8E3E07}.Debug|Any CPU.Build.0 = Debug|Any CPU
		{D6D16DE0-08DC-4314-A3BE-FCF0BD8E3E07}.Release|Any CPU.ActiveCfg = Release|Any CPU
		{D6D16DE0-08DC-4314-A3BE-FCF0BD8E3E07}.Release|Any CPU.Build.0 = Release|Any CPU
		{60A04A34-4EC2-4D91-B748-5355E610412B}.Debug|Any CPU.ActiveCfg = Debug|Any CPU
		{60A04A34-4EC2-4D91-B748-5355E610412B}.Debug|Any CPU.Build.0 = Debug|Any CPU
		{60A04A34-4EC2-4D91-B748-5355E610412B}.Release|Any CPU.ActiveCfg = Release|Any CPU
		{60A04A34-4EC2-4D91-B748-5355E610412B}.Release|Any CPU.Build.0 = Release|Any CPU
		{FFBE3DB7-6A58-4D5A-8EF6-552694FEF569}.Debug|Any CPU.ActiveCfg = Debug|Any CPU
		{FFBE3DB7-6A58-4D5A-8EF6-552694FEF569}.Debug|Any CPU.Build.0 = Debug|Any CPU
		{FFBE3DB7-6A58-4D5A-8EF6-552694FEF569}.Release|Any CPU.ActiveCfg = Release|Any CPU
		{FFBE3DB7-6A58-4D5A-8EF6-552694FEF569}.Release|Any CPU.Build.0 = Release|Any CPU
	EndGlobalSection
	GlobalSection(SolutionProperties) = preSolution
		HideSolutionNode = FALSE
	EndGlobalSection
	GlobalSection(ExtensibilityGlobals) = postSolution
		SolutionGuid = {7F46BFAC-FEC6-45F1-BB8A-9EF51FF95CD2}
	EndGlobalSection
EndGlobal
